
Microsoft Visual Studio Solution File, Format Version 12.00
# Visual Studio Version 16
VisualStudioVersion = 16.0.29728.190
MinimumVisualStudioVersion = 10.0.40219.1
Project("{FAE04EC0-301F-11D3-BF4B-00C04F79EFBC}") = "Tiger.Project.BasicSharePointForm", "Tiger.Project.BasicSharePointForm\Tiger.Project.BasicSharePointForm.csproj", "{9852AE3E-46AB-4908-9A67-CDE3016A154A}"
EndProject
Global
	GlobalSection(SolutionConfigurationPlatforms) = preSolution
		Debug|Any CPU = Debug|Any CPU
	EndGlobalSection
	GlobalSection(ProjectConfigurationPlatforms) = postSolution
		{9852AE3E-46AB-4908-9A67-CDE3016A154A}.Debug|Any CPU.ActiveCfg = Debug|Any CPU
		{9852AE3E-46AB-4908-9A67-CDE3016A154A}.Debug|Any CPU.Build.0 = Debug|Any CPU
	EndGlobalSection
	GlobalSection(SolutionProperties) = preSolution
		HideSolutionNode = FALSE
	EndGlobalSection
	GlobalSection(ExtensibilityGlobals) = postSolution
		SolutionGuid = {E2138D13-77B7-4701-9D8C-67EC4719B78C}
	EndGlobalSection
EndGlobal
